
Microsoft Visual Studio Solution File, Format Version 12.00
# Visual Studio Version 16
VisualStudioVersion = 16.0.30204.135
MinimumVisualStudioVersion = 10.0.40219.1
Project("{FAE04EC0-301F-11D3-BF4B-00C04F79EFBC}") = "P01_HospitalDatabase", "P01_HospitalDatabase\P01_HospitalDatabase.csproj", "{19845A63-B05D-4730-915F-5953F7FB0C65}"
EndProject
Project("{FAE04EC0-301F-11D3-BF4B-00C04F79EFBC}") = "P03_SalesDatabase", "P03_SalesDatabase\P03_SalesDatabase.csproj", "{3EE74DF3-66E0-4255-9C4A-61337F8C0237}"
EndProject
Global
	GlobalSection(SolutionConfigurationPlatforms) = preSolution
		Debug|Any CPU = Debug|Any CPU
		Release|Any CPU = Release|Any CPU
	EndGlobalSection
	GlobalSection(ProjectConfigurationPlatforms) = postSolution
		{19845A63-B05D-4730-915F-5953F7FB0C65}.Debug|Any CPU.ActiveCfg = Debug|Any CPU
		{19845A63-B05D-4730-915F-5953F7FB0C65}.Debug|Any CPU.Build.0 = Debug|Any CPU
		{19845A63-B05D-4730-915F-5953F7FB0C65}.Release|Any CPU.ActiveCfg = Release|Any CPU
		{19845A63-B05D-4730-915F-5953F7FB0C65}.Release|Any CPU.Build.0 = Release|Any CPU
		{3EE74DF3-66E0-4255-9C4A-61337F8C0237}.Debug|Any CPU.ActiveCfg = Debug|Any CPU
		{3EE74DF3-66E0-4255-9C4A-61337F8C0237}.Debug|Any CPU.Build.0 = Debug|Any CPU
		{3EE74DF3-66E0-4255-9C4A-61337F8C0237}.Release|Any CPU.ActiveCfg = Release|Any CPU
		{3EE74DF3-66E0-4255-9C4A-61337F8C0237}.Release|Any CPU.Build.0 = Release|Any CPU
	EndGlobalSection
	GlobalSection(SolutionProperties) = preSolution
		HideSolutionNode = FALSE
	EndGlobalSection
	GlobalSection(ExtensibilityGlobals) = postSolution
		SolutionGuid = {8E4E2AF0-2F93-4809-9E45-ACDC56BC739A}
	EndGlobalSection
EndGlobal
