
Microsoft Visual Studio Solution File, Format Version 12.00
# Visual Studio Version 16
VisualStudioVersion = 16.0.30204.135
MinimumVisualStudioVersion = 10.0.40219.1
Project("{FAE04EC0-301F-11D3-BF4B-00C04F79EFBC}") = "SoftUni", "SoftUni\SoftUni.csproj", "{CCD02303-231B-41DE-A551-BE8B75B065B0}"
EndProject
Global
	GlobalSection(SolutionConfigurationPlatforms) = preSolution
		Debug|Any CPU = Debug|Any CPU
		Release|Any CPU = Release|Any CPU
	EndGlobalSection
	GlobalSection(ProjectConfigurationPlatforms) = postSolution
		{CCD02303-231B-41DE-A551-BE8B75B065B0}.Debug|Any CPU.ActiveCfg = Debug|Any CPU
		{CCD02303-231B-41DE-A551-BE8B75B065B0}.Debug|Any CPU.Build.0 = Debug|Any CPU
		{CCD02303-231B-41DE-A551-BE8B75B065B0}.Release|Any CPU.ActiveCfg = Release|Any CPU
		{CCD02303-231B-41DE-A551-BE8B75B065B0}.Release|Any CPU.Build.0 = Release|Any CPU
	EndGlobalSection
	GlobalSection(SolutionProperties) = preSolution
		HideSolutionNode = FALSE
	EndGlobalSection
	GlobalSection(ExtensibilityGlobals) = postSolution
		SolutionGuid = {3CB74A01-29B3-476A-9E68-4818C2049502}
	EndGlobalSection
EndGlobal
